
Microsoft Visual Studio Solution File, Format Version 12.00
# Visual Studio 15
VisualStudioVersion = 15.0.26430.16
MinimumVisualStudioVersion = 10.0.40219.1
Project("{8BC9CEB8-8B4A-11D0-8D11-00A0C91BC942}") = "3DFromScratch", "3DFromScratch\3DFromScratch.vcxproj", "{FC3B5AC4-EC56-434B-A3B0-50827D86E26C}"
EndProject
Global
	GlobalSection(SolutionConfigurationPlatforms) = preSolution
		Debug|x64 = Debug|x64
		Debug|x86 = Debug|x86
		Release|x64 = Release|x64
		Release|x86 = Release|x86
	EndGlobalSection
	GlobalSection(ProjectConfigurationPlatforms) = postSolution
		{FC3B5AC4-EC56-434B-A3B0-50827D86E26C}.Debug|x64.ActiveCfg = Debug|x64
		{FC3B5AC4-EC56-434B-A3B0-50827D86E26C}.Debug|x64.Build.0 = Debug|x64
		{FC3B5AC4-EC56-434B-A3B0-50827D86E26C}.Debug|x86.ActiveCfg = Debug|Win32
		{FC3B5AC4-EC56-434B-A3B0-50827D86E26C}.Debug|x86.Build.0 = Debug|Win32
		{FC3B5AC4-EC56-434B-A3B0-50827D86E26C}.Release|x64.ActiveCfg = Release|x64
		{FC3B5AC4-EC56-434B-A3B0-50827D86E26C}.Release|x64.Build.0 = Release|x64
		{FC3B5AC4-EC56-434B-A3B0-50827D86E26C}.Release|x86.ActiveCfg = Release|Win32
		{FC3B5AC4-EC56-434B-A3B0-50827D86E26C}.Release|x86.Build.0 = Release|Win32
	EndGlobalSection
	GlobalSection(SolutionProperties) = preSolution
		HideSolutionNode = FALSE
	EndGlobalSection
EndGlobal
